// !$*UTF8*$!
{
	archiveVersion = 1;
	classes = {
	};
	objectVersion = 56;
	objects = {

/* Begin PBXBuildFile section */
		4168049F2AA63848007F4D15 /* iNEWsApp.swift in Sources */ = {isa = PBXBuildFile; fileRef = 4168049E2AA63848007F4D15 /* iNEWsApp.swift */; };
		416804A12AA63848007F4D15 /* HomeView.swift in Sources */ = {isa = PBXBuildFile; fileRef = 416804A02AA63848007F4D15 /* HomeView.swift */; };
		416804A32AA63849007F4D15 /* Assets.xcassets in Resources */ = {isa = PBXBuildFile; fileRef = 416804A22AA63849007F4D15 /* Assets.xcassets */; };
		416804A62AA63849007F4D15 /* Preview Assets.xcassets in Resources */ = {isa = PBXBuildFile; fileRef = 416804A52AA63849007F4D15 /* Preview Assets.xcassets */; };
		416804B02AA63849007F4D15 /* iNEWsTests.swift in Sources */ = {isa = PBXBuildFile; fileRef = 416804AF2AA63849007F4D15 /* iNEWsTests.swift */; };
		416804BA2AA63849007F4D15 /* iNEWsUITests.swift in Sources */ = {isa = PBXBuildFile; fileRef = 416804B92AA63849007F4D15 /* iNEWsUITests.swift */; };
		416804BC2AA63849007F4D15 /* iNEWsUITestsLaunchTests.swift in Sources */ = {isa = PBXBuildFile; fileRef = 416804BB2AA63849007F4D15 /* iNEWsUITestsLaunchTests.swift */; };
		416804CE2AA7883B007F4D15 /* NewsResponse.swift in Sources */ = {isa = PBXBuildFile; fileRef = 416804CD2AA7883B007F4D15 /* NewsResponse.swift */; };
		416804D12AA78BBF007F4D15 /* NewsEndPoint.swift in Sources */ = {isa = PBXBuildFile; fileRef = 416804D02AA78BBE007F4D15 /* NewsEndPoint.swift */; };
		416804D42AA79C0E007F4D15 /* APIError.swift in Sources */ = {isa = PBXBuildFile; fileRef = 416804D32AA79C0E007F4D15 /* APIError.swift */; };
		416804D72AA79DA4007F4D15 /* NewsService.swift in Sources */ = {isa = PBXBuildFile; fileRef = 416804D62AA79DA4007F4D15 /* NewsService.swift */; };
		416804DA2AA7FC71007F4D15 /* ResultState.swift in Sources */ = {isa = PBXBuildFile; fileRef = 416804D92AA7FC71007F4D15 /* ResultState.swift */; };
		416804DD2AA8AE74007F4D15 /* NewsViewModel.swift in Sources */ = {isa = PBXBuildFile; fileRef = 416804DC2AA8AE74007F4D15 /* NewsViewModel.swift */; };
		416804E02AA8DB05007F4D15 /* URLImage in Frameworks */ = {isa = PBXBuildFile; productRef = 416804DF2AA8DB05007F4D15 /* URLImage */; };
		416804E22AA8DB05007F4D15 /* URLImageStore in Frameworks */ = {isa = PBXBuildFile; productRef = 416804E12AA8DB05007F4D15 /* URLImageStore */; };
/* End PBXBuildFile section */

/* Begin PBXContainerItemProxy section */
		416804AC2AA63849007F4D15 /* PBXContainerItemProxy */ = {
			isa = PBXContainerItemProxy;
			containerPortal = 416804932AA63848007F4D15 /* Project object */;
			proxyType = 1;
			remoteGlobalIDString = 4168049A2AA63848007F4D15;
			remoteInfo = iNEWs;
		};
		416804B62AA63849007F4D15 /* PBXContainerItemProxy */ = {
			isa = PBXContainerItemProxy;
			containerPortal = 416804932AA63848007F4D15 /* Project object */;
			proxyType = 1;
			remoteGlobalIDString = 4168049A2AA63848007F4D15;
			remoteInfo = iNEWs;
		};
/* End PBXContainerItemProxy section */

/* Begin PBXFileReference section */
		4168049B2AA63848007F4D15 /* iNEWs.app */ = {isa = PBXFileReference; explicitFileType = wrapper.application; includeInIndex = 0; path = iNEWs.app; sourceTree = BUILT_PRODUCTS_DIR; };
		4168049E2AA63848007F4D15 /* iNEWsApp.swift */ = {isa = PBXFileReference; lastKnownFileType = sourcecode.swift; path = iNEWsApp.swift; sourceTree = "<group>"; };
		416804A02AA63848007F4D15 /* HomeView.swift */ = {isa = PBXFileReference; lastKnownFileType = sourcecode.swift; path = HomeView.swift; sourceTree = "<group>"; };
		416804A22AA63849007F4D15 /* Assets.xcassets */ = {isa = PBXFileReference; lastKnownFileType = folder.assetcatalog; path = Assets.xcassets; sourceTree = "<group>"; };
		416804A52AA63849007F4D15 /* Preview Assets.xcassets */ = {isa = PBXFileReference; lastKnownFileType = folder.assetcatalog; path = "Preview Assets.xcassets"; sourceTree = "<group>"; };
		416804AB2AA63849007F4D15 /* iNEWsTests.xctest */ = {isa = PBXFileReference; explicitFileType = wrapper.cfbundle; includeInIndex = 0; path = iNEWsTests.xctest; sourceTree = BUILT_PRODUCTS_DIR; };
		416804AF2AA63849007F4D15 /* iNEWsTests.swift */ = {isa = PBXFileReference; lastKnownFileType = sourcecode.swift; path = iNEWsTests.swift; sourceTree = "<group>"; };
		416804B52AA63849007F4D15 /* iNEWsUITests.xctest */ = {isa = PBXFileReference; explicitFileType = wrapper.cfbundle; includeInIndex = 0; path = iNEWsUITests.xctest; sourceTree = BUILT_PRODUCTS_DIR; };
		416804B92AA63849007F4D15 /* iNEWsUITests.swift */ = {isa = PBXFileReference; lastKnownFileType = sourcecode.swift; path = iNEWsUITests.swift; sourceTree = "<group>"; };
		416804BB2AA63849007F4D15 /* iNEWsUITestsLaunchTests.swift */ = {isa = PBXFileReference; lastKnownFileType = sourcecode.swift; path = iNEWsUITestsLaunchTests.swift; sourceTree = "<group>"; };
		416804CD2AA7883B007F4D15 /* NewsResponse.swift */ = {isa = PBXFileReference; lastKnownFileType = sourcecode.swift; path = NewsResponse.swift; sourceTree = "<group>"; };
		416804D02AA78BBE007F4D15 /* NewsEndPoint.swift */ = {isa = PBXFileReference; lastKnownFileType = sourcecode.swift; path = NewsEndPoint.swift; sourceTree = "<group>"; };
		416804D32AA79C0E007F4D15 /* APIError.swift */ = {isa = PBXFileReference; lastKnownFileType = sourcecode.swift; path = APIError.swift; sourceTree = "<group>"; };
		416804D62AA79DA4007F4D15 /* NewsService.swift */ = {isa = PBXFileReference; lastKnownFileType = sourcecode.swift; path = NewsService.swift; sourceTree = "<group>"; };
		416804D92AA7FC71007F4D15 /* ResultState.swift */ = {isa = PBXFileReference; lastKnownFileType = sourcecode.swift; path = ResultState.swift; sourceTree = "<group>"; };
		416804DC2AA8AE74007F4D15 /* NewsViewModel.swift */ = {isa = PBXFileReference; lastKnownFileType = sourcecode.swift; path = NewsViewModel.swift; sourceTree = "<group>"; };
/* End PBXFileReference section */

/* Begin PBXFrameworksBuildPhase section */
		416804982AA63848007F4D15 /* Frameworks */ = {
			isa = PBXFrameworksBuildPhase;
			buildActionMask = 2147483647;
			files = (
				416804E22AA8DB05007F4D15 /* URLImageStore in Frameworks */,
				416804E02AA8DB05007F4D15 /* URLImage in Frameworks */,
			);
			runOnlyForDeploymentPostprocessing = 0;
		};
		416804A82AA63849007F4D15 /* Frameworks */ = {
			isa = PBXFrameworksBuildPhase;
			buildActionMask = 2147483647;
			files = (
			);
			runOnlyForDeploymentPostprocessing = 0;
		};
		416804B22AA63849007F4D15 /* Frameworks */ = {
			isa = PBXFrameworksBuildPhase;
			buildActionMask = 2147483647;
			files = (
			);
			runOnlyForDeploymentPostprocessing = 0;
		};
/* End PBXFrameworksBuildPhase section */

/* Begin PBXGroup section */
		416804922AA63848007F4D15 = {
			isa = PBXGroup;
			children = (
				4168049D2AA63848007F4D15 /* iNEWs */,
				416804AE2AA63849007F4D15 /* iNEWsTests */,
				416804B82AA63849007F4D15 /* iNEWsUITests */,
				4168049C2AA63848007F4D15 /* Products */,
			);
			sourceTree = "<group>";
		};
		4168049C2AA63848007F4D15 /* Products */ = {
			isa = PBXGroup;
			children = (
				4168049B2AA63848007F4D15 /* iNEWs.app */,
				416804AB2AA63849007F4D15 /* iNEWsTests.xctest */,
				416804B52AA63849007F4D15 /* iNEWsUITests.xctest */,
			);
			name = Products;
			sourceTree = "<group>";
		};
		4168049D2AA63848007F4D15 /* iNEWs */ = {
			isa = PBXGroup;
			children = (
				416804DB2AA8AE4C007F4D15 /* ViewModel */,
				416804D82AA7FC54007F4D15 /* States */,
				416804D52AA79D94007F4D15 /* Service */,
				416804D22AA79BC0007F4D15 /* Error */,
				416804CF2AA78BA0007F4D15 /* EndPoint */,
				416804CC2AA7881F007F4D15 /* Model */,
				4168049E2AA63848007F4D15 /* iNEWsApp.swift */,
				416804CB2AA782BA007F4D15 /* Views */,
				416804A22AA63849007F4D15 /* Assets.xcassets */,
				416804A42AA63849007F4D15 /* Preview Content */,
			);
			path = iNEWs;
			sourceTree = "<group>";
		};
		416804A42AA63849007F4D15 /* Preview Content */ = {
			isa = PBXGroup;
			children = (
				416804A52AA63849007F4D15 /* Preview Assets.xcassets */,
			);
			path = "Preview Content";
			sourceTree = "<group>";
		};
		416804AE2AA63849007F4D15 /* iNEWsTests */ = {
			isa = PBXGroup;
			children = (
				416804AF2AA63849007F4D15 /* iNEWsTests.swift */,
			);
			path = iNEWsTests;
			sourceTree = "<group>";
		};
		416804B82AA63849007F4D15 /* iNEWsUITests */ = {
			isa = PBXGroup;
			children = (
				416804B92AA63849007F4D15 /* iNEWsUITests.swift */,
				416804BB2AA63849007F4D15 /* iNEWsUITestsLaunchTests.swift */,
			);
			path = iNEWsUITests;
			sourceTree = "<group>";
		};
		416804CB2AA782BA007F4D15 /* Views */ = {
			isa = PBXGroup;
			children = (
				416804A02AA63848007F4D15 /* HomeView.swift */,
			);
			path = Views;
			sourceTree = "<group>";
		};
		416804CC2AA7881F007F4D15 /* Model */ = {
			isa = PBXGroup;
			children = (
				416804CD2AA7883B007F4D15 /* NewsResponse.swift */,
			);
			path = Model;
			sourceTree = "<group>";
		};
		416804CF2AA78BA0007F4D15 /* EndPoint */ = {
			isa = PBXGroup;
			children = (
				416804D02AA78BBE007F4D15 /* NewsEndPoint.swift */,
			);
			path = EndPoint;
			sourceTree = "<group>";
		};
		416804D22AA79BC0007F4D15 /* Error */ = {
			isa = PBXGroup;
			children = (
				416804D32AA79C0E007F4D15 /* APIError.swift */,
			);
			path = Error;
			sourceTree = "<group>";
		};
		416804D52AA79D94007F4D15 /* Service */ = {
			isa = PBXGroup;
			children = (
				416804D62AA79DA4007F4D15 /* NewsService.swift */,
			);
			path = Service;
			sourceTree = "<group>";
		};
		416804D82AA7FC54007F4D15 /* States */ = {
			isa = PBXGroup;
			children = (
				416804D92AA7FC71007F4D15 /* ResultState.swift */,
			);
			path = States;
			sourceTree = "<group>";
		};
		416804DB2AA8AE4C007F4D15 /* ViewModel */ = {
			isa = PBXGroup;
			children = (
				416804DC2AA8AE74007F4D15 /* NewsViewModel.swift */,
			);
			path = ViewModel;
			sourceTree = "<group>";
		};
/* End PBXGroup section */

/* Begin PBXNativeTarget section */
		4168049A2AA63848007F4D15 /* iNEWs */ = {
			isa = PBXNativeTarget;
			buildConfigurationList = 416804BF2AA63849007F4D15 /* Build configuration list for PBXNativeTarget "iNEWs" */;
			buildPhases = (
				416804972AA63848007F4D15 /* Sources */,
				416804982AA63848007F4D15 /* Frameworks */,
				416804992AA63848007F4D15 /* Resources */,
			);
			buildRules = (
			);
			dependencies = (
			);
			name = iNEWs;
			packageProductDependencies = (
				416804DF2AA8DB05007F4D15 /* URLImage */,
				416804E12AA8DB05007F4D15 /* URLImageStore */,
			);
			productName = iNEWs;
			productReference = 4168049B2AA63848007F4D15 /* iNEWs.app */;
			productType = "com.apple.product-type.application";
		};
		416804AA2AA63849007F4D15 /* iNEWsTests */ = {
			isa = PBXNativeTarget;
			buildConfigurationList = 416804C22AA63849007F4D15 /* Build configuration list for PBXNativeTarget "iNEWsTests" */;
			buildPhases = (
				416804A72AA63849007F4D15 /* Sources */,
				416804A82AA63849007F4D15 /* Frameworks */,
				416804A92AA63849007F4D15 /* Resources */,
			);
			buildRules = (
			);
			dependencies = (
				416804AD2AA63849007F4D15 /* PBXTargetDependency */,
			);
			name = iNEWsTests;
			productName = iNEWsTests;
			productReference = 416804AB2AA63849007F4D15 /* iNEWsTests.xctest */;
			productType = "com.apple.product-type.bundle.unit-test";
		};
		416804B42AA63849007F4D15 /* iNEWsUITests */ = {
			isa = PBXNativeTarget;
			buildConfigurationList = 416804C52AA63849007F4D15 /* Build configuration list for PBXNativeTarget "iNEWsUITests" */;
			buildPhases = (
				416804B12AA63849007F4D15 /* Sources */,
				416804B22AA63849007F4D15 /* Frameworks */,
				416804B32AA63849007F4D15 /* Resources */,
			);
			buildRules = (
			);
			dependencies = (
				416804B72AA63849007F4D15 /* PBXTargetDependency */,
			);
			name = iNEWsUITests;
			productName = iNEWsUITests;
			productReference = 416804B52AA63849007F4D15 /* iNEWsUITests.xctest */;
			productType = "com.apple.product-type.bundle.ui-testing";
		};
/* End PBXNativeTarget section */

/* Begin PBXProject section */
		416804932AA63848007F4D15 /* Project object */ = {
			isa = PBXProject;
			attributes = {
				BuildIndependentTargetsInParallel = 1;
				LastSwiftUpdateCheck = 1430;
				LastUpgradeCheck = 1430;
				TargetAttributes = {
					4168049A2AA63848007F4D15 = {
						CreatedOnToolsVersion = 14.3;
					};
					416804AA2AA63849007F4D15 = {
						CreatedOnToolsVersion = 14.3;
						TestTargetID = 4168049A2AA63848007F4D15;
					};
					416804B42AA63849007F4D15 = {
						CreatedOnToolsVersion = 14.3;
						TestTargetID = 4168049A2AA63848007F4D15;
					};
				};
			};
			buildConfigurationList = 416804962AA63848007F4D15 /* Build configuration list for PBXProject "iNEWs" */;
			compatibilityVersion = "Xcode 14.0";
			developmentRegion = en;
			hasScannedForEncodings = 0;
			knownRegions = (
				en,
				Base,
			);
			mainGroup = 416804922AA63848007F4D15;
			packageReferences = (
				416804DE2AA8DB05007F4D15 /* XCRemoteSwiftPackageReference "url-image" */,
			);
			productRefGroup = 4168049C2AA63848007F4D15 /* Products */;
			projectDirPath = "";
			projectRoot = "";
			targets = (
				4168049A2AA63848007F4D15 /* iNEWs */,
				416804AA2AA63849007F4D15 /* iNEWsTests */,
				416804B42AA63849007F4D15 /* iNEWsUITests */,
			);
		};
/* End PBXProject section */

/* Begin PBXResourcesBuildPhase section */
		416804992AA63848007F4D15 /* Resources */ = {
			isa = PBXResourcesBuildPhase;
			buildActionMask = 2147483647;
			files = (
				416804A62AA63849007F4D15 /* Preview Assets.xcassets in Resources */,
				416804A32AA63849007F4D15 /* Assets.xcassets in Resources */,
			);
			runOnlyForDeploymentPostprocessing = 0;
		};
		416804A92AA63849007F4D15 /* Resources */ = {
			isa = PBXResourcesBuildPhase;
			buildActionMask = 2147483647;
			files = (
			);
			runOnlyForDeploymentPostprocessing = 0;
		};
		416804B32AA63849007F4D15 /* Resources */ = {
			isa = PBXResourcesBuildPhase;
			buildActionMask = 2147483647;
			files = (
			);
			runOnlyForDeploymentPostprocessing = 0;
		};
/* End PBXResourcesBuildPhase section */

/* Begin PBXSourcesBuildPhase section */
		416804972AA63848007F4D15 /* Sources */ = {
			isa = PBXSourcesBuildPhase;
			buildActionMask = 2147483647;
			files = (
				416804DA2AA7FC71007F4D15 /* ResultState.swift in Sources */,
				416804D72AA79DA4007F4D15 /* NewsService.swift in Sources */,
				416804A12AA63848007F4D15 /* HomeView.swift in Sources */,
				416804D12AA78BBF007F4D15 /* NewsEndPoint.swift in Sources */,
				416804CE2AA7883B007F4D15 /* NewsResponse.swift in Sources */,
				416804D42AA79C0E007F4D15 /* APIError.swift in Sources */,
				4168049F2AA63848007F4D15 /* iNEWsApp.swift in Sources */,
				416804DD2AA8AE74007F4D15 /* NewsViewModel.swift in Sources */,
			);
			runOnlyForDeploymentPostprocessing = 0;
		};
		416804A72AA63849007F4D15 /* Sources */ = {
			isa = PBXSourcesBuildPhase;
			buildActionMask = 2147483647;
			files = (
				416804B02AA63849007F4D15 /* iNEWsTests.swift in Sources */,
			);
			runOnlyForDeploymentPostprocessing = 0;
		};
		416804B12AA63849007F4D15 /* Sources */ = {
			isa = PBXSourcesBuildPhase;
			buildActionMask = 2147483647;
			files = (
				416804BA2AA63849007F4D15 /* iNEWsUITests.swift in Sources */,
				416804BC2AA63849007F4D15 /* iNEWsUITestsLaunchTests.swift in Sources */,
			);
			runOnlyForDeploymentPostprocessing = 0;
		};
/* End PBXSourcesBuildPhase section */

/* Begin PBXTargetDependency section */
		416804AD2AA63849007F4D15 /* PBXTargetDependency */ = {
			isa = PBXTargetDependency;
			target = 4168049A2AA63848007F4D15 /* iNEWs */;
			targetProxy = 416804AC2AA63849007F4D15 /* PBXContainerItemProxy */;
		};
		416804B72AA63849007F4D15 /* PBXTargetDependency */ = {
			isa = PBXTargetDependency;
			target = 4168049A2AA63848007F4D15 /* iNEWs */;
			targetProxy = 416804B62AA63849007F4D15 /* PBXContainerItemProxy */;
		};
/* End PBXTargetDependency section */

/* Begin XCBuildConfiguration section */
		416804BD2AA63849007F4D15 /* Debug */ = {
			isa = XCBuildConfiguration;
			buildSettings = {
				ALWAYS_SEARCH_USER_PATHS = NO;
				CLANG_ANALYZER_NONNULL = YES;
				CLANG_ANALYZER_NUMBER_OBJECT_CONVERSION = YES_AGGRESSIVE;
				CLANG_CXX_LANGUAGE_STANDARD = "gnu++20";
				CLANG_ENABLE_MODULES = YES;
				CLANG_ENABLE_OBJC_ARC = YES;
				CLANG_ENABLE_OBJC_WEAK = YES;
				CLANG_WARN_BLOCK_CAPTURE_AUTORELEASING = YES;
				CLANG_WARN_BOOL_CONVERSION = YES;
				CLANG_WARN_COMMA = YES;
				CLANG_WARN_CONSTANT_CONVERSION = YES;
				CLANG_WARN_DEPRECATED_OBJC_IMPLEMENTATIONS = YES;
				CLANG_WARN_DIRECT_OBJC_ISA_USAGE = YES_ERROR;
				CLANG_WARN_DOCUMENTATION_COMMENTS = YES;
				CLANG_WARN_EMPTY_BODY = YES;
				CLANG_WARN_ENUM_CONVERSION = YES;
				CLANG_WARN_INFINITE_RECURSION = YES;
				CLANG_WARN_INT_CONVERSION = YES;
				CLANG_WARN_NON_LITERAL_NULL_CONVERSION = YES;
				CLANG_WARN_OBJC_IMPLICIT_RETAIN_SELF = YES;
				CLANG_WARN_OBJC_LITERAL_CONVERSION = YES;
				CLANG_WARN_OBJC_ROOT_CLASS = YES_ERROR;
				CLANG_WARN_QUOTED_INCLUDE_IN_FRAMEWORK_HEADER = YES;
				CLANG_WARN_RANGE_LOOP_ANALYSIS = YES;
				CLANG_WARN_STRICT_PROTOTYPES = YES;
				CLANG_WARN_SUSPICIOUS_MOVE = YES;
				CLANG_WARN_UNGUARDED_AVAILABILITY = YES_AGGRESSIVE;
				CLANG_WARN_UNREACHABLE_CODE = YES;
				CLANG_WARN__DUPLICATE_METHOD_MATCH = YES;
				COPY_PHASE_STRIP = NO;
				DEBUG_INFORMATION_FORMAT = dwarf;
				ENABLE_STRICT_OBJC_MSGSEND = YES;
				ENABLE_TESTABILITY = YES;
				GCC_C_LANGUAGE_STANDARD = gnu11;
				GCC_DYNAMIC_NO_PIC = NO;
				GCC_NO_COMMON_BLOCKS = YES;
				GCC_OPTIMIZATION_LEVEL = 0;
				GCC_PREPROCESSOR_DEFINITIONS = (
					"DEBUG=1",
					"$(inherited)",
				);
				GCC_WARN_64_TO_32_BIT_CONVERSION = YES;
				GCC_WARN_ABOUT_RETURN_TYPE = YES_ERROR;
				GCC_WARN_UNDECLARED_SELECTOR = YES;
				GCC_WARN_UNINITIALIZED_AUTOS = YES_AGGRESSIVE;
				GCC_WARN_UNUSED_FUNCTION = YES;
				GCC_WARN_UNUSED_VARIABLE = YES;
				IPHONEOS_DEPLOYMENT_TARGET = 16.4;
				MTL_ENABLE_DEBUG_INFO = INCLUDE_SOURCE;
				MTL_FAST_MATH = YES;
				ONLY_ACTIVE_ARCH = YES;
				SDKROOT = iphoneos;
				SWIFT_ACTIVE_COMPILATION_CONDITIONS = DEBUG;
				SWIFT_OPTIMIZATION_LEVEL = "-Onone";
			};
			name = Debug;
		};
		416804BE2AA63849007F4D15 /* Release */ = {
			isa = XCBuildConfiguration;
			buildSettings = {
				ALWAYS_SEARCH_USER_PATHS = NO;
				CLANG_ANALYZER_NONNULL = YES;
				CLANG_ANALYZER_NUMBER_OBJECT_CONVERSION = YES_AGGRESSIVE;
				CLANG_CXX_LANGUAGE_STANDARD = "gnu++20";
				CLANG_ENABLE_MODULES = YES;
				CLANG_ENABLE_OBJC_ARC = YES;
				CLANG_ENABLE_OBJC_WEAK = YES;
				CLANG_WARN_BLOCK_CAPTURE_AUTORELEASING = YES;
				CLANG_WARN_BOOL_CONVERSION = YES;
				CLANG_WARN_COMMA = YES;
				CLANG_WARN_CONSTANT_CONVERSION = YES;
				CLANG_WARN_DEPRECATED_OBJC_IMPLEMENTATIONS = YES;
				CLANG_WARN_DIRECT_OBJC_ISA_USAGE = YES_ERROR;
				CLANG_WARN_DOCUMENTATION_COMMENTS = YES;
				CLANG_WARN_EMPTY_BODY = YES;
				CLANG_WARN_ENUM_CONVERSION = YES;
				CLANG_WARN_INFINITE_RECURSION = YES;
				CLANG_WARN_INT_CONVERSION = YES;
				CLANG_WARN_NON_LITERAL_NULL_CONVERSION = YES;
				CLANG_WARN_OBJC_IMPLICIT_RETAIN_SELF = YES;
				CLANG_WARN_OBJC_LITERAL_CONVERSION = YES;
				CLANG_WARN_OBJC_ROOT_CLASS = YES_ERROR;
				CLANG_WARN_QUOTED_INCLUDE_IN_FRAMEWORK_HEADER = YES;
				CLANG_WARN_RANGE_LOOP_ANALYSIS = YES;
				CLANG_WARN_STRICT_PROTOTYPES = YES;
				CLANG_WARN_SUSPICIOUS_MOVE = YES;
				CLANG_WARN_UNGUARDED_AVAILABILITY = YES_AGGRESSIVE;
				CLANG_WARN_UNREACHABLE_CODE = YES;
				CLANG_WARN__DUPLICATE_METHOD_MATCH = YES;
				COPY_PHASE_STRIP = NO;
				DEBUG_INFORMATION_FORMAT = "dwarf-with-dsym";
				ENABLE_NS_ASSERTIONS = NO;
				ENABLE_STRICT_OBJC_MSGSEND = YES;
				GCC_C_LANGUAGE_STANDARD = gnu11;
				GCC_NO_COMMON_BLOCKS = YES;
				GCC_WARN_64_TO_32_BIT_CONVERSION = YES;
				GCC_WARN_ABOUT_RETURN_TYPE = YES_ERROR;
				GCC_WARN_UNDECLARED_SELECTOR = YES;
				GCC_WARN_UNINITIALIZED_AUTOS = YES_AGGRESSIVE;
				GCC_WARN_UNUSED_FUNCTION = YES;
				GCC_WARN_UNUSED_VARIABLE = YES;
				IPHONEOS_DEPLOYMENT_TARGET = 16.4;
				MTL_ENABLE_DEBUG_INFO = NO;
				MTL_FAST_MATH = YES;
				SDKROOT = iphoneos;
				SWIFT_COMPILATION_MODE = wholemodule;
				SWIFT_OPTIMIZATION_LEVEL = "-O";
				VALIDATE_PRODUCT = YES;
			};
			name = Release;
		};
		416804C02AA63849007F4D15 /* Debug */ = {
			isa = XCBuildConfiguration;
			buildSettings = {
				ASSETCATALOG_COMPILER_APPICON_NAME = AppIcon;
				ASSETCATALOG_COMPILER_GLOBAL_ACCENT_COLOR_NAME = AccentColor;
				CODE_SIGN_STYLE = Automatic;
				CURRENT_PROJECT_VERSION = 1;
				DEVELOPMENT_ASSET_PATHS = "\"iNEWs/Preview Content\"";
				ENABLE_PREVIEWS = YES;
				GENERATE_INFOPLIST_FILE = YES;
				INFOPLIST_KEY_UIApplicationSceneManifest_Generation = YES;
				INFOPLIST_KEY_UIApplicationSupportsIndirectInputEvents = YES;
				INFOPLIST_KEY_UILaunchScreen_Generation = YES;
				INFOPLIST_KEY_UISupportedInterfaceOrientations_iPad = "UIInterfaceOrientationPortrait UIInterfaceOrientationPortraitUpsideDown UIInterfaceOrientationLandscapeLeft UIInterfaceOrientationLandscapeRight";
				INFOPLIST_KEY_UISupportedInterfaceOrientations_iPhone = "UIInterfaceOrientationPortrait UIInterfaceOrientationLandscapeLeft UIInterfaceOrientationLandscapeRight";
				LD_RUNPATH_SEARCH_PATHS = (
					"$(inherited)",
					"@executable_path/Frameworks",
				);
				MARKETING_VERSION = 1.0;
				PRODUCT_BUNDLE_IDENTIFIER = dio.bootcamp.iNews.iNEWs;
				PRODUCT_NAME = "$(TARGET_NAME)";
				SWIFT_EMIT_LOC_STRINGS = YES;
				SWIFT_VERSION = 5.0;
				TARGETED_DEVICE_FAMILY = "1,2";
			};
			name = Debug;
		};
		416804C12AA63849007F4D15 /* Release */ = {
			isa = XCBuildConfiguration;
			buildSettings = {
				ASSETCATALOG_COMPILER_APPICON_NAME = AppIcon;
				ASSETCATALOG_COMPILER_GLOBAL_ACCENT_COLOR_NAME = AccentColor;
				CODE_SIGN_STYLE = Automatic;
				CURRENT_PROJECT_VERSION = 1;
				DEVELOPMENT_ASSET_PATHS = "\"iNEWs/Preview Content\"";
				ENABLE_PREVIEWS = YES;
				GENERATE_INFOPLIST_FILE = YES;
				INFOPLIST_KEY_UIApplicationSceneManifest_Generation = YES;
				INFOPLIST_KEY_UIApplicationSupportsIndirectInputEvents = YES;
				INFOPLIST_KEY_UILaunchScreen_Generation = YES;
				INFOPLIST_KEY_UISupportedInterfaceOrientations_iPad = "UIInterfaceOrientationPortrait UIInterfaceOrientationPortraitUpsideDown UIInterfaceOrientationLandscapeLeft UIInterfaceOrientationLandscapeRight";
				INFOPLIST_KEY_UISupportedInterfaceOrientations_iPhone = "UIInterfaceOrientationPortrait UIInterfaceOrientationLandscapeLeft UIInterfaceOrientationLandscapeRight";
				LD_RUNPATH_SEARCH_PATHS = (
					"$(inherited)",
					"@executable_path/Frameworks",
				);
				MARKETING_VERSION = 1.0;
				PRODUCT_BUNDLE_IDENTIFIER = dio.bootcamp.iNews.iNEWs;
				PRODUCT_NAME = "$(TARGET_NAME)";
				SWIFT_EMIT_LOC_STRINGS = YES;
				SWIFT_VERSION = 5.0;
				TARGETED_DEVICE_FAMILY = "1,2";
			};
			name = Release;
		};
		416804C32AA63849007F4D15 /* Debug */ = {
			isa = XCBuildConfiguration;
			buildSettings = {
				ALWAYS_EMBED_SWIFT_STANDARD_LIBRARIES = YES;
				BUNDLE_LOADER = "$(TEST_HOST)";
				CODE_SIGN_STYLE = Automatic;
				CURRENT_PROJECT_VERSION = 1;
				GENERATE_INFOPLIST_FILE = YES;
				IPHONEOS_DEPLOYMENT_TARGET = 16.4;
				MARKETING_VERSION = 1.0;
				PRODUCT_BUNDLE_IDENTIFIER = dio.bootcamp.iNews.iNEWsTests;
				PRODUCT_NAME = "$(TARGET_NAME)";
				SWIFT_EMIT_LOC_STRINGS = NO;
				SWIFT_VERSION = 5.0;
				TARGETED_DEVICE_FAMILY = "1,2";
				TEST_HOST = "$(BUILT_PRODUCTS_DIR)/iNEWs.app/$(BUNDLE_EXECUTABLE_FOLDER_PATH)/iNEWs";
			};
			name = Debug;
		};
		416804C42AA63849007F4D15 /* Release */ = {
			isa = XCBuildConfiguration;
			buildSettings = {
				ALWAYS_EMBED_SWIFT_STANDARD_LIBRARIES = YES;
				BUNDLE_LOADER = "$(TEST_HOST)";
				CODE_SIGN_STYLE = Automatic;
				CURRENT_PROJECT_VERSION = 1;
				GENERATE_INFOPLIST_FILE = YES;
				IPHONEOS_DEPLOYMENT_TARGET = 16.4;
				MARKETING_VERSION = 1.0;
				PRODUCT_BUNDLE_IDENTIFIER = dio.bootcamp.iNews.iNEWsTests;
				PRODUCT_NAME = "$(TARGET_NAME)";
				SWIFT_EMIT_LOC_STRINGS = NO;
				SWIFT_VERSION = 5.0;
				TARGETED_DEVICE_FAMILY = "1,2";
				TEST_HOST = "$(BUILT_PRODUCTS_DIR)/iNEWs.app/$(BUNDLE_EXECUTABLE_FOLDER_PATH)/iNEWs";
			};
			name = Release;
		};
		416804C62AA63849007F4D15 /* Debug */ = {
			isa = XCBuildConfiguration;
			buildSettings = {
				ALWAYS_EMBED_SWIFT_STANDARD_LIBRARIES = YES;
				CODE_SIGN_STYLE = Automatic;
				CURRENT_PROJECT_VERSION = 1;
				GENERATE_INFOPLIST_FILE = YES;
				MARKETING_VERSION = 1.0;
				PRODUCT_BUNDLE_IDENTIFIER = dio.bootcamp.iNews.iNEWsUITests;
				PRODUCT_NAME = "$(TARGET_NAME)";
				SWIFT_EMIT_LOC_STRINGS = NO;
				SWIFT_VERSION = 5.0;
				TARGETED_DEVICE_FAMILY = "1,2";
				TEST_TARGET_NAME = iNEWs;
			};
			name = Debug;
		};
		416804C72AA63849007F4D15 /* Release */ = {
			isa = XCBuildConfiguration;
			buildSettings = {
				ALWAYS_EMBED_SWIFT_STANDARD_LIBRARIES = YES;
				CODE_SIGN_STYLE = Automatic;
				CURRENT_PROJECT_VERSION = 1;
				GENERATE_INFOPLIST_FILE = YES;
				MARKETING_VERSION = 1.0;
				PRODUCT_BUNDLE_IDENTIFIER = dio.bootcamp.iNews.iNEWsUITests;
				PRODUCT_NAME = "$(TARGET_NAME)";
				SWIFT_EMIT_LOC_STRINGS = NO;
				SWIFT_VERSION = 5.0;
				TARGETED_DEVICE_FAMILY = "1,2";
				TEST_TARGET_NAME = iNEWs;
			};
			name = Release;
		};
/* End XCBuildConfiguration section */

/* Begin XCConfigurationList section */
		416804962AA63848007F4D15 /* Build configuration list for PBXProject "iNEWs" */ = {
			isa = XCConfigurationList;
			buildConfigurations = (
				416804BD2AA63849007F4D15 /* Debug */,
				416804BE2AA63849007F4D15 /* Release */,
			);
			defaultConfigurationIsVisible = 0;
			defaultConfigurationName = Release;
		};
		416804BF2AA63849007F4D15 /* Build configuration list for PBXNativeTarget "iNEWs" */ = {
			isa = XCConfigurationList;
			buildConfigurations = (
				416804C02AA63849007F4D15 /* Debug */,
				416804C12AA63849007F4D15 /* Release */,
			);
			defaultConfigurationIsVisible = 0;
			defaultConfigurationName = Release;
		};
		416804C22AA63849007F4D15 /* Build configuration list for PBXNativeTarget "iNEWsTests" */ = {
			isa = XCConfigurationList;
			buildConfigurations = (
				416804C32AA63849007F4D15 /* Debug */,
				416804C42AA63849007F4D15 /* Release */,
			);
			defaultConfigurationIsVisible = 0;
			defaultConfigurationName = Release;
		};
		416804C52AA63849007F4D15 /* Build configuration list for PBXNativeTarget "iNEWsUITests" */ = {
			isa = XCConfigurationList;
			buildConfigurations = (
				416804C62AA63849007F4D15 /* Debug */,
				416804C72AA63849007F4D15 /* Release */,
			);
			defaultConfigurationIsVisible = 0;
			defaultConfigurationName = Release;
		};
/* End XCConfigurationList section */

/* Begin XCRemoteSwiftPackageReference section */
		416804DE2AA8DB05007F4D15 /* XCRemoteSwiftPackageReference "url-image" */ = {
			isa = XCRemoteSwiftPackageReference;
			repositoryURL = "https://github.com/dmytro-anokhin/url-image";
			requirement = {
				kind = upToNextMajorVersion;
				minimumVersion = 3.0.0;
			};
		};
/* End XCRemoteSwiftPackageReference section */

/* Begin XCSwiftPackageProductDependency section */
		416804DF2AA8DB05007F4D15 /* URLImage */ = {
			isa = XCSwiftPackageProductDependency;
			package = 416804DE2AA8DB05007F4D15 /* XCRemoteSwiftPackageReference "url-image" */;
			productName = URLImage;
		};
		416804E12AA8DB05007F4D15 /* URLImageStore */ = {
			isa = XCSwiftPackageProductDependency;
			package = 416804DE2AA8DB05007F4D15 /* XCRemoteSwiftPackageReference "url-image" */;
			productName = URLImageStore;
		};
/* End XCSwiftPackageProductDependency section */
	};
	rootObject = 416804932AA63848007F4D15 /* Project object */;
}
